---
lockfileVersion: '9.0'

importers:

  .:
    configDependencies: {}
    packageManagerDependencies:
      pnpm:
        specifier: 12.6.0
        version: 12.6.0

packages:

  '@pnpm/exe.android-arm64@12.6.0':
    resolution: {integrity: sha512-kviIHft9h02q+7N2In7tSL9T/HRUSGwYmU74YPtsWU5ee7vgqPyC0JT6RRX6miW+NxX1CvHgQxg69qq1qTLJYQ==}
    cpu: [arm64]
    os: [android]

  '@pnpm/exe.android-x64@12.6.0':
    resolution: {integrity: sha512-CT8aJKLq2mtZFE71pr4E5Z2xHL8uGnRGr+NclDqsXlVF4SVcQ2QAs14mWi0C8gjT4hbmi+Q0lJRRIkMAWfjjng==}
    cpu: [x64]
    os: [android]

  '@pnpm/exe.darwin-arm64@12.6.0':
    resolution: {integrity: sha512-rafpVkjzugKBMxSvGQd5wK1x5eOTkD/+lcJIFHeQhvd+BJ8kDisOOvwhQDrpGd4vd2Fx+hhW0P2Ptt638OlhFg==}
    cpu: [arm64]
    os: [darwin]

  '@pnpm/exe.darwin-x64@12.6.0':
    resolution: {integrity: sha512-72Jpuv1m24gI8zUNcaylYpBWEhBzz1VPhnDIU2GYM2eRP+KsOqVLwV78i+JrihI39zY2NNXmaN4eAKX1inpaDQ==}
    cpu: [x64]
    os: [darwin]

  '@pnpm/exe.freebsd-x64@12.6.0':
    resolution: {integrity: sha512-LON4QgNy1w/XF4uySZIyC/5hEB0oGdelXsY9tSKqstER+2j2X2oHz67skD11RRd/HWFRtMr64shQZ4I9ZoZ0zg==}
    cpu: [x64]
    os: [freebsd]

  '@pnpm/exe.linux-arm64-musl@12.6.0':
    resolution: {integrity: sha512-BdDpX+DeaMUc5x6WNcE6FkmFy36NwrBbBvwsZU737Zt3u1fTY+iKFPchjEQNCM4rT6q6xvF2oN3ZwExGsJCkxQ==}
    cpu: [arm64]
    os: [linux]
    libc: [musl]

  '@pnpm/exe.linux-arm64@12.6.0':
    resolution: {integrity: sha512-8h2sNoIhHDpHDYqZZCh9PXr6krqW10btb0GHVGuw710muDHlFAHMtUG2ogmaHge6zJG1xgY4Y7mwX5g/LWvrYg==}
    cpu: [arm64]
    os: [linux]
    libc: [glibc]

  '@pnpm/exe.linux-ppc64@12.6.0':
    resolution: {integrity: sha512-ld6xgcEhFCFrsVsJhbmdmR714PnsEspO/Ij8w0/D7OSiz2hYGu3fZd5tKRxOI5m6H6Gl0/RRFAPncTHbsgXVjQ==}
    cpu: [ppc64]
    os: [linux]
    libc: [glibc]

  '@pnpm/exe.linux-riscv64@12.6.0':
    resolution: {integrity: sha512-HIbImydoC3J8NFt+8MXfhTCf5rO6NjCMyinSAHac0VmV8uCHw+kbQkyAzxV84rzz9ZOzmBOnj0b1N461UIYGsw==}
    cpu: [riscv64]
    os: [linux]
    libc: [glibc]

  '@pnpm/exe.linux-s390x@12.6.0':
    resolution: {integrity: sha512-DjSqT7+BZ/lWcDHwNMuzsRVfyxUimh+D54Xw4tSWbdVVQhtWtNMUyI93LVnwCmsoEpar2gC3SFeAgywx37svKQ==}
    cpu: [s390x]
    os: [linux]
    libc: [glibc]

  '@pnpm/exe.linux-x64-musl@12.6.0':
    resolution: {integrity: sha512-31lKeGPmRE6xfV6I3VjaEGVFRei14pl/zgoFDK4w+UkbJqOuNl2Ht3O1GuqNIg3Gl14qTEb4kZRAYFHXifDx9A==}
    cpu: [x64]
    os: [linux]
    libc: [musl]

  '@pnpm/exe.linux-x64@12.6.0':
    resolution: {integrity: sha512-qFWBneHJAJ73W4whtbaFOL1M/7DBC6ILHXuxc7ZPtEhfPuT1zeZiGrmKHoMAfJA+mcm6xhOFljqVTUS+00Jabw==}
    cpu: [x64]
    os: [linux]
    libc: [glibc]

  '@pnpm/exe.win32-arm64@12.6.0':
    resolution: {integrity: sha512-OhfefXEEykZlslSUhR8PPRe6MVPV3Oink/dVfIecE5velpc7j80cZYsHlaDrtRDcm3TPwQHkaRW1SJ1efX9oFg==}
    cpu: [arm64]
    os: [win32]

  '@pnpm/exe.win32-x64@12.6.0':
    resolution: {integrity: sha512-L2tuyrD2+Imgxs3VK/ST/2L3xD6vDP0ktJQxM0TaGw7TbAQEMq+RMc8iK6Ew7Id579uzjJe8jSfJID2ZGsOHCA==}
    cpu: [x64]
    os: [win32]

  pnpm@12.6.0:
    resolution: {integrity: sha512-PvaPlRyxEawgS0paFvCy3fDaVqluBBPoHYVdnwtV75JnFHCQKOHNAMQFwsX7e56OxNxGd3yAXQNzwvL/AP0g7A==}
    engines: {node: '>=18.*'}
    hasBin: true

snapshots:

  '@pnpm/exe.android-arm64@12.6.0':
    optional: true

  '@pnpm/exe.android-x64@12.6.0':
    optional: true

  '@pnpm/exe.darwin-arm64@12.6.0':
    optional: true

  '@pnpm/exe.darwin-x64@12.6.0':
    optional: true

  '@pnpm/exe.freebsd-x64@12.6.0':
    optional: true

  '@pnpm/exe.linux-arm64-musl@12.6.0':
    optional: true

  '@pnpm/exe.linux-arm64@12.6.0':
    optional: true

  '@pnpm/exe.linux-ppc64@12.6.0':
    optional: true

  '@pnpm/exe.linux-riscv64@12.6.0':
    optional: true

  '@pnpm/exe.linux-s390x@12.6.0':
    optional: true

  '@pnpm/exe.linux-x64-musl@12.6.0':
    optional: true

  '@pnpm/exe.linux-x64@12.6.0':
    optional: true

  '@pnpm/exe.win32-arm64@12.6.0':
    optional: true

  '@pnpm/exe.win32-x64@12.6.0':
    optional: true

  pnpm@12.6.0:
    optionalDependencies:
      '@pnpm/exe.android-arm64': 12.6.0
      '@pnpm/exe.android-x64': 12.6.0
      '@pnpm/exe.darwin-arm64': 12.6.0
      '@pnpm/exe.darwin-x64': 12.6.0
      '@pnpm/exe.freebsd-x64': 12.6.0
      '@pnpm/exe.linux-arm64': 12.6.0
      '@pnpm/exe.linux-arm64-musl': 12.6.0
      '@pnpm/exe.linux-ppc64': 12.6.0
      '@pnpm/exe.linux-riscv64': 12.6.0
      '@pnpm/exe.linux-s390x': 12.6.0
      '@pnpm/exe.linux-x64': 12.6.0
      '@pnpm/exe.linux-x64-musl': 12.6.0
      '@pnpm/exe.win32-arm64': 12.6.0
      '@pnpm/exe.win32-x64': 12.6.0

---
lockfileVersion: '9.0'

settings:
  autoInstallPeers: true
  excludeLinksFromLockfile: false

catalogs:
  default:
    '@types/node':
      specifier: ^26.6.4
      version: 26.6.4
    typescript:
      specifier: ~6.0.3
      version: 6.0.3

importers:

  .:
    devDependencies:
      '@types/node':
        specifier: 'catalog:'
        version: 26.6.4
      lefthook:
        specifier: ^2.1.16
        version: 2.1.16
      oxlint:
        specifier: ^1.86.0
        version: 1.86.0
      prettier:
        specifier: ^3.9.9
        version: 3.9.9
      prettier-plugin-astro:
        specifier: ^1.1.0
        version: 1.1.0(@emnapi/core@1.11.3)(@emnapi/runtime@1.11.3)(prettier@3.9.9)
      typescript:
        specifier: 'catalog:'
        version: 6.0.3

packages:

  '@astrojs/compiler-binding-android-arm64@0.4.1':
    resolution: {integrity: sha512-Wtx2DZORuNTLASLLZ8hlrjFaJe1LUloatcCn9EPq7knBhRpjMGXeJANIJMeBZG4igvz7x+3nyAJM2iwCSW9xog==}
    engines: {node: ^20.19.0 || >=22.12.0}
    cpu: [arm64]
    os: [android]

  '@astrojs/compiler-binding-darwin-arm64@0.4.1':
    resolution: {integrity: sha512-7iwXcU+hB60Y1SvOfnWHNioT72gDsDQKaDipXh2Onwp/TvQMozhbvhy13wJR8Af940a0h6PbddCeJFpj791UDA==}
    engines: {node: ^20.19.0 || >=22.12.0}
    cpu: [arm64]
    os: [darwin]

  '@astrojs/compiler-binding-darwin-x64@0.4.1':
    resolution: {integrity: sha512-pifjICos49RXhSVKSDu5gDB0/8j0O7DmxSp1DaWW2PyLG5ekwSkcrfOZto5JqhdI7QYMZB3XOiXpsdOXpS4npA==}
    engines: {node: ^20.19.0 || >=22.12.0}
    cpu: [x64]
    os: [darwin]

  '@astrojs/compiler-binding-linux-arm64-gnu@0.4.1':
    resolution: {integrity: sha512-hsZMlNWc6LqWHh9LlSwTq1/XCY7pxA5rkkKIdZRV8mgbOz9OwLvjEoe5Jry13eIZjMUQO8XnQyzk8o/Pjw2YFA==}
    engines: {node: ^20.19.0 || >=22.12.0}
    cpu: [arm64]
    os: [linux]
    libc: [glibc]

  '@astrojs/compiler-binding-linux-arm64-musl@0.4.1':
    resolution: {integrity: sha512-a3EW27f+Z9uf57vYmpLgUriA1y9wDhKz57PT8D8XlFZt2HZEWhUxKuxI1jvKVI9p8okYee11WXEm/FHY1G9yoQ==}
    engines: {node: ^20.19.0 || >=22.12.0}
    cpu: [arm64]
    os: [linux]
    libc: [musl]

  '@astrojs/compiler-binding-linux-x64-gnu@0.4.1':
    resolution: {integrity: sha512-XruPTKB/SS4DFzeAjQ1ZyM0ieHDjapHkOSnnzRApZ4FXY2YAI7UY3mETjfJiIS/acyZyrnPH5jObv1gATTdUJQ==}
    engines: {node: ^20.19.0 || >=22.12.0}
    cpu: [x64]
    os: [linux]
    libc: [glibc]

  '@astrojs/compiler-binding-linux-x64-musl@0.4.1':
    resolution: {integrity: sha512-E8j7lGanqNpudtkUbsFaOLJhmwFe4Ecqux7K9hkj4wULIPNZRM2bYZNcMSj8r1oWvaUiwZl8LaaNwv3+14jqhw==}
    engines: {node: ^20.19.0 || >=22.12.0}
    cpu: [x64]
    os: [linux]
    libc: [musl]

  '@astrojs/compiler-binding-wasm32-wasi@0.4.1':
    resolution: {integrity: sha512-vNLxIv41ZE+nmPFtw24cRW5ZXG+ZPcAGtgigtjCP8lvcxKI7u2GrXoMsCgEH5fMw8WCEJpwLvsVBg15rJKAkyA==}
    engines: {node: '>=14.0.0'}
    cpu: [wasm32]

  '@astrojs/compiler-binding-win32-arm64-msvc@0.4.1':
    resolution: {integrity: sha512-/xTDgRsFDoTh0/+KFXJ74DY4Jqn8CoSHwa8UP5RAblHfnRHkenwfSl4zYDET61O9vXKLk09UzHjjq09yP20/AQ==}
    engines: {node: ^20.19.0 || >=22.12.0}
    cpu: [arm64]
    os: [win32]

  '@astrojs/compiler-binding-win32-x64-msvc@0.4.1':
    resolution: {integrity: sha512-0x5J6iHZO0Fjo/CVzoIbXKzWnGESftDbEUQ/oXQ61HhUAFoR7+T1jfToZSNAS+gYyBXHSTpMWYC7lzarbhClcg==}
    engines: {node: ^20.19.0 || >=22.12.0}
    cpu: [x64]
    os: [win32]

  '@astrojs/compiler-binding@0.4.1':
    resolution: {integrity: sha512-ZYVDW1P58OXyxqZbOMp+/2U9KA7y2esIx9r4pWdpZ/l6fCZhaw4ul+D7EgpRVxYLkyTWqzANbTTUFGPFP8zDHA==}
    engines: {node: ^20.19.0 || >=22.12.0}

  '@astrojs/compiler-rs@0.4.1':
    resolution: {integrity: sha512-//NmAuRhy7eU9iP0ceI5Pymy55M+nUZ//kS6XeOyhBWdDib2KbJOyFaVJ52k7sDkJwTKVox7oPu3SpYiVnGm5A==}
    engines: {node: '>=22.12.0'}

  '@emnapi/core@1.11.3':
    resolution: {integrity: sha512-zLpS5asjEb7lq8jYLq37N6XKaE41DIexlY1rF/z4/tIl3wo13Sqm28fRyfIsKZD+NZ8mM5RoKkpW/rBcuoSZSg==}

  '@emnapi/runtime@1.11.3':
    resolution: {integrity: sha512-Xz4Tpyki7XyrpbUK1jR1AhdAdaXyhhY4lZ3neLodmhpuWfy2PAQN5B46sAiU4liOXGLkHypn/qU+jvfWSCYYLA==}

  '@emnapi/wasi-threads@1.2.3':
    resolution: {integrity: sha512-ELEBe8PsLvvJ6QMr0zLt8ffvOHW/dc1m3CEzNMg7aJUv3bMaoDtw2TXyDAwkYBuroxxuHEwhRTLJSe5sya547g==}

  '@napi-rs/wasm-runtime@1.2.4':
    resolution: {integrity: sha512-AJxoUD2/15ESHbvpcyjU274nsAPLuOtPHCk0vKJM5pj//Fg/B1FXNWjPnXTT9PymCYYiHo4zPj0ZomXBKhoy7g==}
    engines: {node: ^20.19.0 || ^22.13.0 || >=23.5.0}
    peerDependencies:
      '@emnapi/core': ^1.7.1 || ^2.0.0-alpha.4
      '@emnapi/runtime': ^1.7.1 || ^2.0.0-alpha.4

  '@oxlint/binding-android-arm-eabi@1.86.0':
    resolution: {integrity: sha512-63Ozq6yQn79B2UxjSZ9huJmI+3/ZPI7hxAe6TyFh9oQL447KnIMoffOdtog+h4KILbQr61ZRvFPW5gYbAUgpgQ==}
    engines: {node: ^20.19.0 || >=22.12.0}
    cpu: [arm]
    os: [android]

  '@oxlint/binding-android-arm64@1.86.0':
    resolution: {integrity: sha512-JdLGp44phbf/0Du236Dt06yfK6Qw8xhTFeDvHJdjk167r59OfP5+BL31mgMYVnswS8e+j6tFuccSY0QDC/lgCw==}
    engines: {node: ^20.19.0 || >=22.12.0}
    cpu: [arm64]
    os: [android]

  '@oxlint/binding-darwin-arm64@1.86.0':
    resolution: {integrity: sha512-h+vkOr4ik6KLFCXdtNVEj9xfnXfNUpPoF95QjORdhiSpLqQePzcN81kGHjAgsw1/G7WBWK5KsFKbI2UK8EyzMA==}
    engines: {node: ^20.19.0 || >=22.12.0}
    cpu: [arm64]
    os: [darwin]

  '@oxlint/binding-darwin-x64@1.86.0':
    resolution: {integrity: sha512-wbglRuH5eKsp68keTOOeKDHU1astWSRYFsh2bwKQTAPb44rD6kVgzYI1ZrAJRTc6/7PH55ZXFCQx0rQXrj0UdA==}
    engines: {node: ^20.19.0 || >=22.12.0}
    cpu: [x64]
    os: [darwin]

  '@oxlint/binding-freebsd-x64@1.86.0':
    resolution: {integrity: sha512-yTQ7QSOlNfQsrfbeVweTiegQJLKPjUKgXp/JpGiFzza6Hp29S9LAoH77TM3L0RjK39iQRZB5lk5iq2t241Mfag==}
    engines: {node: ^20.19.0 || >=22.12.0}
    cpu: [x64]
    os: [freebsd]

  '@oxlint/binding-linux-arm-gnueabihf@1.86.0':
    resolution: {integrity: sha512-QYJGy0E2Tv8GAayyBIeHFTwQb8u+zrvrOYrifuDGZDr9ad5XsDhiMScpZymhS9fwWjqrgG2ZUwT4vpY0ISqp4Q==}
    engines: {node: ^20.19.0 || >=22.12.0}
    cpu: [arm]
    os: [linux]

  '@oxlint/binding-linux-arm-musleabihf@1.86.0':
    resolution: {integrity: sha512-oQo83CafLT8p3qh0AGkN0tSUIh5Hm63mfDsoqUmBQUBnSZLNBAbyRaAftfGY5a0cKZ34dG6jAtMYgcY5kZqt5g==}
    engines: {node: ^20.19.0 || >=22.12.0}
    cpu: [arm]
    os: [linux]

  '@oxlint/binding-linux-arm64-gnu@1.86.0':
    resolution: {integrity: sha512-EM6wy5c2UM12qPb7iDJDBAZvHyfEJGH6iosFgaFiaRZpirz99//EHcUyD2KAskz07x1TULuiAtsojf4nvWWksw==}
    engines: {node: ^20.19.0 || >=22.12.0}
    cpu: [arm64]
    os: [linux]
    libc: [glibc]

  '@oxlint/binding-linux-arm64-musl@1.86.0':
    resolution: {integrity: sha512-vCiUQb9ZNzZalxYRU4mlZwUqT5f+c7Sk9DwUOplWHtik3Dl4r3DVnUB5tBeRuTAUe6MUVCTylNW7TkkN8J1oTw==}
    engines: {node: ^20.19.0 || >=22.12.0}
    cpu: [arm64]
    os: [linux]
    libc: [musl]

  '@oxlint/binding-linux-ppc64-gnu@1.86.0':
    resolution: {integrity: sha512-T0AzE89yjTYmOhB/hb6i+rWTpe2mYt+xiguBhs9DEPIJTZ1H8OYqsE4VxJHHw2Wlq8Mztwvp2P8NV87ZOuhPRw==}
    engines: {node: ^20.19.0 || >=22.12.0}
    cpu: [ppc64]
    os: [linux]
    libc: [glibc]

  '@oxlint/binding-linux-riscv64-gnu@1.86.0':
    resolution: {integrity: sha512-s49r0K2f5Oc7fJoMUO1WkdhYK5Ob79uYRwWQ/XNoGysaOq3RUGmGUbHSuXiyydTTA+P9xEdDEnnlZVXiaSJhlw==}
    engines: {node: ^20.19.0 || >=22.12.0}
    cpu: [riscv64]
    os: [linux]
    libc: [glibc]

  '@oxlint/binding-linux-riscv64-musl@1.86.0':
    resolution: {integrity: sha512-JIa2tYR8ayb3nvcMSZzn4O/xTy13S7MHllu7cBD+B5qDQXXSRy/Vwk1aNpiTjZmBJGwKCHOy/NvnY5Xcwg27uQ==}
    engines: {node: ^20.19.0 || >=22.12.0}
    cpu: [riscv64]
    os: [linux]
    libc: [musl]

  '@oxlint/binding-linux-s390x-gnu@1.86.0':
    resolution: {integrity: sha512-XwXMyBsAuWZkhZU74UNcfQKr1CJJAKnS80dZzOnjl6A4fKcf91IjFgidegQugMHA5SN8ulwDXEDV1yPntjXgQQ==}
    engines: {node: ^20.19.0 || >=22.12.0}
    cpu: [s390x]
    os: [linux]
    libc: [glibc]

  '@oxlint/binding-linux-x64-gnu@1.86.0':
    resolution: {integrity: sha512-C1WjukSyMnr66b+w1/tV8RFVv6d9v0MzDf4p9IxVXknqgmTHBgZh1pccN1eHzFr0b9Tbb3OXoPsAAdAuHAQfeA==}
    engines: {node: ^20.19.0 || >=22.12.0}
    cpu: [x64]
    os: [linux]
    libc: [glibc]

  '@oxlint/binding-linux-x64-musl@1.86.0':
    resolution: {integrity: sha512-ap6KLmvC38c6MdYzsIh25cXQupqYvjd37tMNftzrX1DCtkX1Gcf2B+S2B17dD4lKa5c5gJog7DQJyDo82PBKyw==}
    engines: {node: ^20.19.0 || >=22.12.0}
    cpu: [x64]
    os: [linux]
    libc: [musl]

  '@oxlint/binding-openharmony-arm64@1.86.0':
    resolution: {integrity: sha512-996Q9w/2GLwNyy5Djs39Jt09aFlr4b7TPhoj7dvo5FHmcyiF68nPz73HNc5UAYKIYeK+M9JzPQ4Wg1r1dXvP6A==}
    engines: {node: ^20.19.0 || >=22.12.0}
    cpu: [arm64]
    os: [openharmony]

  '@oxlint/binding-win32-arm64-msvc@1.86.0':
    resolution: {integrity: sha512-9uTCHYTknNkug5+46ViSoUMuOuGWK61D87QnblU6CXaWKJC630Z7dbls61vdHxya/cR2ycQZ6Mm6ckgF6Cag5g==}
    engines: {node: ^20.19.0 || >=22.12.0}
    cpu: [arm64]
    os: [win32]

  '@oxlint/binding-win32-ia32-msvc@1.86.0':
    resolution: {integrity: sha512-a47ga7EKVfMU8rO0i1m3mGwfNRj3FhQyt1d/ukO/E9u1HHF3KpR3tyb3VhuJBGEVPF8uR4exSyHUyx7xbE+uxw==}
    engines: {node: ^20.19.0 || >=22.12.0}
    cpu: [ia32]
    os: [win32]

  '@oxlint/binding-win32-x64-msvc@1.86.0':
    resolution: {integrity: sha512-az4dzifCRzES1crwu6pDFXzJTIanrdxXFL9TbiJWrx9LKcuacbR83aPvxDA1LKLNswi/RoqitC7Afcflhu3zBQ==}
    engines: {node: ^20.19.0 || >=22.12.0}
    cpu: [x64]
    os: [win32]

  '@prettier/parse-srcset@3.1.0':
    resolution: {integrity: sha512-FIRv2rZotO9NP/r66taYqD1zICpPiBbrECqjKV/xqNotqDxF7fLzzUeK+1RSRx9Tenk0DajR/GcRmTJ2qtHaKQ==}

  '@tybys/wasm-util@0.10.4':
    resolution: {integrity: sha512-W3c4gRigFS0T/Ma4qIYF3GDAc5AQdHb1yL5znJT1Zv1YaD9Kitx656wBjvr19qbiosmZT8lWDM5BEMynUqX65A==}

  '@types/node@26.6.4':
    resolution: {integrity: sha512-ldVPDCzj7fsaGZrLB0NuHuTvJcsNasysBAqMolr/cgxrLd1xbqxIr3XJiPnHHJUCxj5sNF1vnRj9aWnrVh5Jcg==}

  lefthook-darwin-arm64@2.1.16:
    resolution: {integrity: sha512-oOjS1mn3UGNfo72UtR9VJMyulgbjvLkv5KEmJVgfWiO8wZ4Z469o2ZllvH5FrHluzv4Hlkc9OG+vnCP+5/ztMA==}
    cpu: [arm64]
    os: [darwin]

  lefthook-darwin-x64@2.1.16:
    resolution: {integrity: sha512-/thON8TbzsqXBjF0hkVPsisBJOKGfss0+lVqcJ0jNwaRDIQSn6Frsn7c9eqs7uyMNEQKUVLTeIkpwPrNldT8JA==}
    cpu: [x64]
    os: [darwin]

  lefthook-freebsd-arm64@2.1.16:
    resolution: {integrity: sha512-Eg7s0gcGwZnQqYyWTfOqb+2qupXtmHt/XHftXJvLhTaTMXR6uQbAyl7ceYTl2wH43AOCLrJ5BMMdqlWJaj/EbA==}
    cpu: [arm64]
    os: [freebsd]

  lefthook-freebsd-x64@2.1.16:
    resolution: {integrity: sha512-vCmyKLO8mtAf+hm8rpfAlt4wQ23S7AGnlT6JlrLPBSt5V8J2kXuI/N1W2XQbWx6OqckqchhBdLQP3Xh4IiYBXA==}
    cpu: [x64]
    os: [freebsd]

  lefthook-linux-arm64@2.1.16:
    resolution: {integrity: sha512-zMEZ8x+PzXqjouEFsf2lWt2o0p5yvvT0YP0CpJC41y4FIRusx0sy3l+cjvKRIysLGOzKMr4V3/fE6w7f2KgwUw==}
    cpu: [arm64]
    os: [linux]

  lefthook-linux-x64@2.1.16:
    resolution: {integrity: sha512-HdfNz3z5hzrEXyP5KC51os+2M6BThL4qMfu8rB777tbXzf7WMoxf/FV6mnzoqM1RN0K+KJAQYbnJatfPQhqusQ==}
    cpu: [x64]
    os: [linux]

  lefthook-openbsd-arm64@2.1.16:
    resolution: {integrity: sha512-zKkyN/ocUXOzFaLPn3ciucJ6CYcnUmqFsIwp7ge96sQ8l83omxL9rK0/KvSsMcus+TfHTNN+DFWVJxeMepPVtQ==}
    cpu: [arm64]
    os: [openbsd]

  lefthook-openbsd-x64@2.1.16:
    resolution: {integrity: sha512-Ptu0D2JK1COlDK1lcr7F6WDGkCzQ80ozeTrqNzPEyBjUdZAFLwR5K5gWgaRtR06RSoYDC72RFxKM1QYnsfF0rQ==}
    cpu: [x64]
    os: [openbsd]

  lefthook-windows-arm64@2.1.16:
    resolution: {integrity: sha512-YTzFJwlF3qbHx+CCuiyDmDPASh6mYBp1I8zfTeGKI3L24Eoct6FUaGUlfAoz8SI3DECPmBhfNgAK4dZlX9Hd5g==}
    cpu: [arm64]
    os: [win32]

  lefthook-windows-x64@2.1.16:
    resolution: {integrity: sha512-mQVpfaagdIZPJCGDeedRnslyd9JTc13vjmp02uu4X7cr/VZK94obwk96dhgsRp9+LL1XMhX5zTcb0zNLo1hC+A==}
    cpu: [x64]
    os: [win32]

  lefthook@2.1.16:
    resolution: {integrity: sha512-U69YGDNsZ7R+umeSzdLzORNCHQFz/w4LKyNTjJQcGrQRQCr8hlCJfJwwm9sqq9Uc5N6dImS58ywURA0FkqoHlg==}
    hasBin: true

  oxlint@1.86.0:
    resolution: {integrity: sha512-og0lhgvZfgGF//gOOmZXvtr+GmBbAGEnbEhv/QUg7UW2Wi4wHMnJbnMD+zuHgPdJxdklfgpPupdlAaAySyxrZg==}
    engines: {node: ^20.19.0 || >=22.12.0}
    hasBin: true
    peerDependencies:
      oxlint-tsgolint: '>=7.0.2003'
      vite-plus: '*'
    peerDependenciesMeta:
      oxlint-tsgolint:
        optional: true
      vite-plus:
        optional: true

  prettier-plugin-astro@1.1.0:
    resolution: {integrity: sha512-ujJ1VX+iin4eYJPHVCEbmXHzrEVsi1SaVehHtbAteTZv8VTrZyBiZPmYc6Ud6+fkr/UBMXuEu3N3+d49h7YfKw==}
    engines: {node: '>=22.12.0'}
    peerDependencies:
      prettier: ^3.5.3

  prettier@3.9.9:
    resolution: {integrity: sha512-Z/CJHIkdujO/OtN7nXUii0Rf3VT5SRuhjBA82Xvu2XhBUgX3nhP67T0LHceBdQLex7OOFGTox+Q5Yg8Jk2Qivg==}
    engines: {node: '>=14'}
    hasBin: true

  s.color@0.0.15:
    resolution: {integrity: sha512-AUNrbEUHeKY8XsYr/DYpl+qk5+aM+DChopnWOPEzn8YKzOhv4l2zH6LzZms3tOZP3wwdOyc0RmTciyi46HLIuA==}

  sass-formatter@0.8.0:
    resolution: {integrity: sha512-Nf4eMGE2O5vnJG7KPCRyksWS9gVKSYoUWtPeMXRRxwZSPVQhSGtL602xVYS65LvMkHmkvKa7xpauF0+/5pPwrg==}
    hasBin: true

  suf-log@2.5.3:
    resolution: {integrity: sha512-KvC8OPjzdNOe+xQ4XWJV2whQA0aM1kGVczMQ8+dStAO6KfEB140JEVQ9dE76ONZ0/Ylf67ni4tILPJB41U0eow==}

  tslib@2.8.1:
    resolution: {integrity: sha512-oJFu94HQb+KVduSUQL7wnpmqnfmLsOA/nAh6b6EH0wCEoK0/mPeXU6c3wKDV83MkOuHPRHtSXKKU99IBazS/2w==}

  typescript@6.0.3:
    resolution: {integrity: sha512-y2TvuxSZPDyQakkFRPZHKFm+KKVqIisdg9/CZwm9ftvKXLP8NRWj38/ODjNbr43SsoXqNuAisEf1GdCxqWcdBw==}
    engines: {node: '>=14.17'}
    hasBin: true

  undici-types@8.9.0:
    resolution: {integrity: sha512-KTDyRTYX8sWmKXAikPHHSyc63CRPETMctyjKFupcC6OBLXT3xsN0e9aF7m+mIXutFWpUXuedtowG7iLOzp0kQg==}

snapshots:

  '@astrojs/compiler-binding-android-arm64@0.4.1':
    optional: true

  '@astrojs/compiler-binding-darwin-arm64@0.4.1':
    optional: true

  '@astrojs/compiler-binding-darwin-x64@0.4.1':
    optional: true

  '@astrojs/compiler-binding-linux-arm64-gnu@0.4.1':
    optional: true

  '@astrojs/compiler-binding-linux-arm64-musl@0.4.1':
    optional: true

  '@astrojs/compiler-binding-linux-x64-gnu@0.4.1':
    optional: true

  '@astrojs/compiler-binding-linux-x64-musl@0.4.1':
    optional: true

  '@astrojs/compiler-binding-wasm32-wasi@0.4.1(@emnapi/core@1.11.3)(@emnapi/runtime@1.11.3)':
    dependencies:
      '@napi-rs/wasm-runtime': 1.2.4(@emnapi/core@1.11.3)(@emnapi/runtime@1.11.3)
    transitivePeerDependencies:
      - '@emnapi/core'
      - '@emnapi/runtime'
    optional: true

  '@astrojs/compiler-binding-win32-arm64-msvc@0.4.1':
    optional: true

  '@astrojs/compiler-binding-win32-x64-msvc@0.4.1':
    optional: true

  '@astrojs/compiler-binding@0.4.1(@emnapi/core@1.11.3)(@emnapi/runtime@1.11.3)':
    optionalDependencies:
      '@astrojs/compiler-binding-android-arm64': 0.4.1
      '@astrojs/compiler-binding-darwin-arm64': 0.4.1
      '@astrojs/compiler-binding-darwin-x64': 0.4.1
      '@astrojs/compiler-binding-linux-arm64-gnu': 0.4.1
      '@astrojs/compiler-binding-linux-arm64-musl': 0.4.1
      '@astrojs/compiler-binding-linux-x64-gnu': 0.4.1
      '@astrojs/compiler-binding-linux-x64-musl': 0.4.1
      '@astrojs/compiler-binding-wasm32-wasi': 0.4.1(@emnapi/core@1.11.3)(@emnapi/runtime@1.11.3)
      '@astrojs/compiler-binding-win32-arm64-msvc': 0.4.1
      '@astrojs/compiler-binding-win32-x64-msvc': 0.4.1
    transitivePeerDependencies:
      - '@emnapi/core'
      - '@emnapi/runtime'

  '@astrojs/compiler-rs@0.4.1(@emnapi/core@1.11.3)(@emnapi/runtime@1.11.3)':
    dependencies:
      '@astrojs/compiler-binding': 0.4.1(@emnapi/core@1.11.3)(@emnapi/runtime@1.11.3)
    transitivePeerDependencies:
      - '@emnapi/core'
      - '@emnapi/runtime'

  '@emnapi/core@1.11.3':
    dependencies:
      '@emnapi/wasi-threads': 1.2.3
      tslib: 2.8.1
    optional: true

  '@emnapi/runtime@1.11.3':
    dependencies:
      tslib: 2.8.1
    optional: true

  '@emnapi/wasi-threads@1.2.3':
    dependencies:
      tslib: 2.8.1
    optional: true

  '@napi-rs/wasm-runtime@1.2.4(@emnapi/core@1.11.3)(@emnapi/runtime@1.11.3)':
    dependencies:
      '@emnapi/core': 1.11.3
      '@emnapi/runtime': 1.11.3
      '@tybys/wasm-util': 0.10.4
    optional: true

  '@oxlint/binding-android-arm-eabi@1.86.0':
    optional: true

  '@oxlint/binding-android-arm64@1.86.0':
    optional: true

  '@oxlint/binding-darwin-arm64@1.86.0':
    optional: true

  '@oxlint/binding-darwin-x64@1.86.0':
    optional: true

  '@oxlint/binding-freebsd-x64@1.86.0':
    optional: true

  '@oxlint/binding-linux-arm-gnueabihf@1.86.0':
    optional: true

  '@oxlint/binding-linux-arm-musleabihf@1.86.0':
    optional: true

  '@oxlint/binding-linux-arm64-gnu@1.86.0':
    optional: true

  '@oxlint/binding-linux-arm64-musl@1.86.0':
    optional: true

  '@oxlint/binding-linux-ppc64-gnu@1.86.0':
    optional: true

  '@oxlint/binding-linux-riscv64-gnu@1.86.0':
    optional: true

  '@oxlint/binding-linux-riscv64-musl@1.86.0':
    optional: true

  '@oxlint/binding-linux-s390x-gnu@1.86.0':
    optional: true

  '@oxlint/binding-linux-x64-gnu@1.86.0':
    optional: true

  '@oxlint/binding-linux-x64-musl@1.86.0':
    optional: true

  '@oxlint/binding-openharmony-arm64@1.86.0':
    optional: true

  '@oxlint/binding-win32-arm64-msvc@1.86.0':
    optional: true

  '@oxlint/binding-win32-ia32-msvc@1.86.0':
    optional: true

  '@oxlint/binding-win32-x64-msvc@1.86.0':
    optional: true

  '@prettier/parse-srcset@3.1.0': {}

  '@tybys/wasm-util@0.10.4':
    dependencies:
      tslib: 2.8.1
    optional: true

  '@types/node@26.6.4':
    dependencies:
      undici-types: 8.9.0

  lefthook-darwin-arm64@2.1.16:
    optional: true

  lefthook-darwin-x64@2.1.16:
    optional: true

  lefthook-freebsd-arm64@2.1.16:
    optional: true

  lefthook-freebsd-x64@2.1.16:
    optional: true

  lefthook-linux-arm64@2.1.16:
    optional: true

  lefthook-linux-x64@2.1.16:
    optional: true

  lefthook-openbsd-arm64@2.1.16:
    optional: true

  lefthook-openbsd-x64@2.1.16:
    optional: true

  lefthook-windows-arm64@2.1.16:
    optional: true

  lefthook-windows-x64@2.1.16:
    optional: true

  lefthook@2.1.16:
    optionalDependencies:
      lefthook-darwin-arm64: 2.1.16
      lefthook-darwin-x64: 2.1.16
      lefthook-freebsd-arm64: 2.1.16
      lefthook-freebsd-x64: 2.1.16
      lefthook-linux-arm64: 2.1.16
      lefthook-linux-x64: 2.1.16
      lefthook-openbsd-arm64: 2.1.16
      lefthook-openbsd-x64: 2.1.16
      lefthook-windows-arm64: 2.1.16
      lefthook-windows-x64: 2.1.16

  oxlint@1.86.0:
    optionalDependencies:
      '@oxlint/binding-android-arm-eabi': 1.86.0
      '@oxlint/binding-android-arm64': 1.86.0
      '@oxlint/binding-darwin-arm64': 1.86.0
      '@oxlint/binding-darwin-x64': 1.86.0
      '@oxlint/binding-freebsd-x64': 1.86.0
      '@oxlint/binding-linux-arm-gnueabihf': 1.86.0
      '@oxlint/binding-linux-arm-musleabihf': 1.86.0
      '@oxlint/binding-linux-arm64-gnu': 1.86.0
      '@oxlint/binding-linux-arm64-musl': 1.86.0
      '@oxlint/binding-linux-ppc64-gnu': 1.86.0
      '@oxlint/binding-linux-riscv64-gnu': 1.86.0
      '@oxlint/binding-linux-riscv64-musl': 1.86.0
      '@oxlint/binding-linux-s390x-gnu': 1.86.0
      '@oxlint/binding-linux-x64-gnu': 1.86.0
      '@oxlint/binding-linux-x64-musl': 1.86.0
      '@oxlint/binding-openharmony-arm64': 1.86.0
      '@oxlint/binding-win32-arm64-msvc': 1.86.0
      '@oxlint/binding-win32-ia32-msvc': 1.86.0
      '@oxlint/binding-win32-x64-msvc': 1.86.0

  prettier-plugin-astro@1.1.0(@emnapi/core@1.11.3)(@emnapi/runtime@1.11.3)(prettier@3.9.9):
    dependencies:
      '@astrojs/compiler-rs': 0.4.1(@emnapi/core@1.11.3)(@emnapi/runtime@1.11.3)
      '@prettier/parse-srcset': 3.1.0
      prettier: 3.9.9
      sass-formatter: 0.8.0
    transitivePeerDependencies:
      - '@emnapi/core'
      - '@emnapi/runtime'

  prettier@3.9.9: {}

  s.color@0.0.15: {}

  sass-formatter@0.8.0:
    dependencies:
      suf-log: 2.5.3

  suf-log@2.5.3:
    dependencies:
      s.color: 0.0.15

  tslib@2.8.1:
    optional: true

  typescript@6.0.3: {}

  undici-types@8.9.0: {}
